{
  "name": "Love Live Fandom Web",
  "lockfileVersion": 3,
  "requires": true,
  "packages": {
    "": {
      "dependencies": {
        "lity": "^2.4.1",
        "slick": "^1.12.2"
      }
    },
    "node_modules/jquery": {
      "version": "3.7.1",
      "resolved": "https://registry.npmjs.org/jquery/-/jquery-3.7.1.tgz",
      "integrity": "sha512-m4avr8yL8kmFN8psrbFFFmB/If14iN5o9nw/NgnnM+kybDJpRsAynV2BsfpTYrTRysYUdADVD7CkUUizgkpLfg==",
      "peer": true
    },
    "node_modules/lity": {
      "version": "2.4.1",
      "resolved": "https://registry.npmjs.org/lity/-/lity-2.4.1.tgz",
      "integrity": "sha512-SVCYf+urp9tgGITi8RIJlzl6cMH6/gl16vkwOscLzN+5I1+/vxYbypbWMeHmbYCwGflq35bcvtzh6RxROWjSTw==",
      "peerDependencies": {
        "jquery": ">=1.7"
      }
    },
    "node_modules/slick": {
      "version": "1.12.2",
      "resolved": "https://registry.npmjs.org/slick/-/slick-1.12.2.tgz",
      "integrity": "sha512-4qdtOGcBjral6YIBCWJ0ljFSKNLz9KkhbWtuGvUyRowl1kxfuE1x/Z/aJcaiilpb3do9bl5K7/1h9XC5wWpY/A==",
      "engines": {
        "node": "*"
      }
    }
  }
}
